
Microsoft Visual Studio Solution File, Format Version 12.00
Project("{FAE04EC0-301F-11D3-BF4B-00C04F79EFBC}") = "OmenGamingHubUnlocker", "OmenGamingHubUnlocker\OmenGamingHubUnlocker.csproj", "{3D8AD3E4-E7D1-4D06-99E3-7AEDC700FE0B}"
EndProject
Project("{2150E333-8FDC-42A3-9474-1A3956D46DE8}") = "Tests", "Tests", "{0AB3BF05-4346-4AA6-1389-037BE0695223}"
EndProject
Project("{FAE04EC0-301F-11D3-BF4B-00C04F79EFBC}") = "OmenGamingHubUnlocker.Tests", "Tests\OmenGamingHubUnlocker.Tests\OmenGamingHubUnlocker.Tests.csproj", "{C0A970FD-F236-4D5B-B601-DE3DBB2523CC}"
EndProject
Global
	GlobalSection(SolutionConfigurationPlatforms) = preSolution
		Debug|Any CPU = Debug|Any CPU
		Debug|x64 = Debug|x64
		Debug|x86 = Debug|x86
		Release|Any CPU = Release|Any CPU
		Release|x64 = Release|x64
		Release|x86 = Release|x86
	EndGlobalSection
	GlobalSection(ProjectConfigurationPlatforms) = postSolution
		{3D8AD3E4-E7D1-4D06-99E3-7AEDC700FE0B}.Debug|Any CPU.ActiveCfg = Debug|Any CPU
		{3D8AD3E4-E7D1-4D06-99E3-7AEDC700FE0B}.Debug|Any CPU.Build.0 = Debug|Any CPU
		{3D8AD3E4-E7D1-4D06-99E3-7AEDC700FE0B}.Debug|x64.ActiveCfg = Debug|Any CPU
		{3D8AD3E4-E7D1-4D06-99E3-7AEDC700FE0B}.Debug|x64.Build.0 = Debug|Any CPU
		{3D8AD3E4-E7D1-4D06-99E3-7AEDC700FE0B}.Debug|x86.ActiveCfg = Debug|Any CPU
		{3D8AD3E4-E7D1-4D06-99E3-7AEDC700FE0B}.Debug|x86.Build.0 = Debug|Any CPU
		{3D8AD3E4-E7D1-4D06-99E3-7AEDC700FE0B}.Release|Any CPU.ActiveCfg = Release|Any CPU
		{3D8AD3E4-E7D1-4D06-99E3-7AEDC700FE0B}.Release|Any CPU.Build.0 = Release|Any CPU
		{3D8AD3E4-E7D1-4D06-99E3-7AEDC700FE0B}.Release|x64.ActiveCfg = Release|Any CPU
		{3D8AD3E4-E7D1-4D06-99E3-7AEDC700FE0B}.Release|x64.Build.0 = Release|Any CPU
		{3D8AD3E4-E7D1-4D06-99E3-7AEDC700FE0B}.Release|x86.ActiveCfg = Release|Any CPU
		{3D8AD3E4-E7D1-4D06-99E3-7AEDC700FE0B}.Release|x86.Build.0 = Release|Any CPU
		{C0A970FD-F236-4D5B-B601-DE3DBB2523CC}.Debug|Any CPU.ActiveCfg = Debug|Any CPU
		{C0A970FD-F236-4D5B-B601-DE3DBB2523CC}.Debug|Any CPU.Build.0 = Debug|Any CPU
		{C0A970FD-F236-4D5B-B601-DE3DBB2523CC}.Debug|x64.ActiveCfg = Debug|Any CPU
		{C0A970FD-F236-4D5B-B601-DE3DBB2523CC}.Debug|x64.Build.0 = Debug|Any CPU
		{C0A970FD-F236-4D5B-B601-DE3DBB2523CC}.Debug|x86.ActiveCfg = Debug|Any CPU
		{C0A970FD-F236-4D5B-B601-DE3DBB2523CC}.Debug|x86.Build.0 = Debug|Any CPU
		{C0A970FD-F236-4D5B-B601-DE3DBB2523CC}.Release|Any CPU.ActiveCfg = Release|Any CPU
		{C0A970FD-F236-4D5B-B601-DE3DBB2523CC}.Release|Any CPU.Build.0 = Release|Any CPU
		{C0A970FD-F236-4D5B-B601-DE3DBB2523CC}.Release|x64.ActiveCfg = Release|Any CPU
		{C0A970FD-F236-4D5B-B601-DE3DBB2523CC}.Release|x64.Build.0 = Release|Any CPU
		{C0A970FD-F236-4D5B-B601-DE3DBB2523CC}.Release|x86.ActiveCfg = Release|Any CPU
		{C0A970FD-F236-4D5B-B601-DE3DBB2523CC}.Release|x86.Build.0 = Release|Any CPU
	EndGlobalSection
	GlobalSection(SolutionProperties) = preSolution
		HideSolutionNode = FALSE
	EndGlobalSection
	GlobalSection(NestedProjects) = preSolution
		{C0A970FD-F236-4D5B-B601-DE3DBB2523CC} = {0AB3BF05-4346-4AA6-1389-037BE0695223}
	EndGlobalSection
EndGlobal
